// !$*UTF8*$!
{
	archiveVersion = 1;
	classes = {
	};
	objectVersion = 56;
	objects = {

/* Begin PBXBuildFile section */
		EB04AE9B29D32CAC00F9E669 /* Supeasy_blackboardApp.swift in Sources */ = {isa = PBXBuildFile; fileRef = EB04AE9A29D32CAC00F9E669 /* Supeasy_blackboardApp.swift */; };
		EB04AE9D29D32CAC00F9E669 /* ContentView.swift in Sources */ = {isa = PBXBuildFile; fileRef = EB04AE9C29D32CAC00F9E669 /* ContentView.swift */; };
		EB04AE9F29D32CAD00F9E669 /* Assets.xcassets in Resources */ = {isa = PBXBuildFile; fileRef = EB04AE9E29D32CAD00F9E669 /* Assets.xcassets */; };
		EB04AEA229D32CAD00F9E669 /* Preview Assets.xcassets in Resources */ = {isa = PBXBuildFile; fileRef = EB04AEA129D32CAD00F9E669 /* Preview Assets.xcassets */; };
		EB04AEAA29D560B700F9E669 /* SDWebImageSwiftUI in Frameworks */ = {isa = PBXBuildFile; productRef = EB04AEA929D560B700F9E669 /* SDWebImageSwiftUI */; };
		EB04AEAC29D5619200F9E669 /* TapleImageView.swift in Sources */ = {isa = PBXBuildFile; fileRef = EB04AEAB29D5619200F9E669 /* TapleImageView.swift */; };
		EB04AEAE29D5622D00F9E669 /* TapeImage.swift in Sources */ = {isa = PBXBuildFile; fileRef = EB04AEAD29D5622D00F9E669 /* TapeImage.swift */; };
		EB04AEB229D565DA00F9E669 /* Frame_right.webp in Resources */ = {isa = PBXBuildFile; fileRef = EB04AEB029D565DA00F9E669 /* Frame_right.webp */; };
		EB04AEB329D565DA00F9E669 /* Frame_left.webp in Resources */ = {isa = PBXBuildFile; fileRef = EB04AEB129D565DA00F9E669 /* Frame_left.webp */; };
/* End PBXBuildFile section */

/* Begin PBXFileReference section */
		EB04AE9729D32CAC00F9E669 /* Supeasy_blackboard.app */ = {isa = PBXFileReference; explicitFileType = wrapper.application; includeInIndex = 0; path = Supeasy_blackboard.app; sourceTree = BUILT_PRODUCTS_DIR; };
		EB04AE9A29D32CAC00F9E669 /* Supeasy_blackboardApp.swift */ = {isa = PBXFileReference; lastKnownFileType = sourcecode.swift; path = Supeasy_blackboardApp.swift; sourceTree = "<group>"; };
		EB04AE9C29D32CAC00F9E669 /* ContentView.swift */ = {isa = PBXFileReference; lastKnownFileType = sourcecode.swift; path = ContentView.swift; sourceTree = "<group>"; };
		EB04AE9E29D32CAD00F9E669 /* Assets.xcassets */ = {isa = PBXFileReference; lastKnownFileType = folder.assetcatalog; path = Assets.xcassets; sourceTree = "<group>"; };
		EB04AEA129D32CAD00F9E669 /* Preview Assets.xcassets */ = {isa = PBXFileReference; lastKnownFileType = folder.assetcatalog; path = "Preview Assets.xcassets"; sourceTree = "<group>"; };
		EB04AEAB29D5619200F9E669 /* TapleImageView.swift */ = {isa = PBXFileReference; lastKnownFileType = sourcecode.swift; path = TapleImageView.swift; sourceTree = "<group>"; };
		EB04AEAD29D5622D00F9E669 /* TapeImage.swift */ = {isa = PBXFileReference; lastKnownFileType = sourcecode.swift; path = TapeImage.swift; sourceTree = "<group>"; };
		EB04AEB029D565DA00F9E669 /* Frame_right.webp */ = {isa = PBXFileReference; lastKnownFileType = file; name = Frame_right.webp; path = "../../../2023-AppleDeveloperAcademy-MC1-Team14-So_Busy/frame/Frame_right.webp"; sourceTree = "<group>"; };
		EB04AEB129D565DA00F9E669 /* Frame_left.webp */ = {isa = PBXFileReference; lastKnownFileType = file; name = Frame_left.webp; path = "../../../2023-AppleDeveloperAcademy-MC1-Team14-So_Busy/frame/Frame_left.webp"; sourceTree = "<group>"; };
/* End PBXFileReference section */

/* Begin PBXFrameworksBuildPhase section */
		EB04AE9429D32CAC00F9E669 /* Frameworks */ = {
			isa = PBXFrameworksBuildPhase;
			buildActionMask = 2147483647;
			files = (
				EB04AEAA29D560B700F9E669 /* SDWebImageSwiftUI in Frameworks */,
			);
			runOnlyForDeploymentPostprocessing = 0;
		};
/* End PBXFrameworksBuildPhase section */

/* Begin PBXGroup section */
		EB04AE8E29D32CAC00F9E669 = {
			isa = PBXGroup;
			children = (
				EB04AE9929D32CAC00F9E669 /* Supeasy_blackboard */,
				EB04AE9829D32CAC00F9E669 /* Products */,
			);
			sourceTree = "<group>";
		};
		EB04AE9829D32CAC00F9E669 /* Products */ = {
			isa = PBXGroup;
			children = (
				EB04AE9729D32CAC00F9E669 /* Supeasy_blackboard.app */,
			);
			name = Products;
			sourceTree = "<group>";
		};
		EB04AE9929D32CAC00F9E669 /* Supeasy_blackboard */ = {
			isa = PBXGroup;
			children = (
				EB04AEAF29D565BA00F9E669 /* Resource */,
				EB04AE9A29D32CAC00F9E669 /* Supeasy_blackboardApp.swift */,
				EB04AE9C29D32CAC00F9E669 /* ContentView.swift */,
				EB04AEAB29D5619200F9E669 /* TapleImageView.swift */,
				EB04AEAD29D5622D00F9E669 /* TapeImage.swift */,
				EB04AE9E29D32CAD00F9E669 /* Assets.xcassets */,
				EB04AEA029D32CAD00F9E669 /* Preview Content */,
			);
			path = Supeasy_blackboard;
			sourceTree = "<group>";
		};
		EB04AEA029D32CAD00F9E669 /* Preview Content */ = {
			isa = PBXGroup;
			children = (
				EB04AEA129D32CAD00F9E669 /* Preview Assets.xcassets */,
			);
			path = "Preview Content";
			sourceTree = "<group>";
		};
		EB04AEAF29D565BA00F9E669 /* Resource */ = {
			isa = PBXGroup;
			children = (
				EB04AEB129D565DA00F9E669 /* Frame_left.webp */,
				EB04AEB029D565DA00F9E669 /* Frame_right.webp */,
			);
			path = Resource;
			sourceTree = "<group>";
		};
/* End PBXGroup section */

/* Begin PBXNativeTarget section */
		EB04AE9629D32CAC00F9E669 /* Supeasy_blackboard */ = {
			isa = PBXNativeTarget;
			buildConfigurationList = EB04AEA529D32CAD00F9E669 /* Build configuration list for PBXNativeTarget "Supeasy_blackboard" */;
			buildPhases = (
				EB04AE9329D32CAC00F9E669 /* Sources */,
				EB04AE9429D32CAC00F9E669 /* Frameworks */,
				EB04AE9529D32CAC00F9E669 /* Resources */,
			);
			buildRules = (
			);
			dependencies = (
			);
			name = Supeasy_blackboard;
			packageProductDependencies = (
				EB04AEA929D560B700F9E669 /* SDWebImageSwiftUI */,
			);
			productName = Supeasy_blackboard;
			productReference = EB04AE9729D32CAC00F9E669 /* Supeasy_blackboard.app */;
			productType = "com.apple.product-type.application";
		};
/* End PBXNativeTarget section */

/* Begin PBXProject section */
		EB04AE8F29D32CAC00F9E669 /* Project object */ = {
			isa = PBXProject;
			attributes = {
				BuildIndependentTargetsInParallel = 1;
				LastSwiftUpdateCheck = 1420;
				LastUpgradeCheck = 1420;
				TargetAttributes = {
					EB04AE9629D32CAC00F9E669 = {
						CreatedOnToolsVersion = 14.2;
					};
				};
			};
			buildConfigurationList = EB04AE9229D32CAC00F9E669 /* Build configuration list for PBXProject "Supeasy_blackboard" */;
			compatibilityVersion = "Xcode 14.0";
			developmentRegion = en;
			hasScannedForEncodings = 0;
			knownRegions = (
				en,
				Base,
			);
			mainGroup = EB04AE8E29D32CAC00F9E669;
			packageReferences = (
				EB04AEA829D560B700F9E669 /* XCRemoteSwiftPackageReference "SDWebImageSwiftUI" */,
			);
			productRefGroup = EB04AE9829D32CAC00F9E669 /* Products */;
			projectDirPath = "";
			projectRoot = "";
			targets = (
				EB04AE9629D32CAC00F9E669 /* Supeasy_blackboard */,
			);
		};
/* End PBXProject section */

/* Begin PBXResourcesBuildPhase section */
		EB04AE9529D32CAC00F9E669 /* Resources */ = {
			isa = PBXResourcesBuildPhase;
			buildActionMask = 2147483647;
			files = (
				EB04AEB329D565DA00F9E669 /* Frame_left.webp in Resources */,
				EB04AEA229D32CAD00F9E669 /* Preview Assets.xcassets in Resources */,
				EB04AE9F29D32CAD00F9E669 /* Assets.xcassets in Resources */,
				EB04AEB229D565DA00F9E669 /* Frame_right.webp in Resources */,
			);
			runOnlyForDeploymentPostprocessing = 0;
		};
/* End PBXResourcesBuildPhase section */

/* Begin PBXSourcesBuildPhase section */
		EB04AE9329D32CAC00F9E669 /* Sources */ = {
			isa = PBXSourcesBuildPhase;
			buildActionMask = 2147483647;
			files = (
				EB04AE9D29D32CAC00F9E669 /* ContentView.swift in Sources */,
				EB04AEAC29D5619200F9E669 /* TapleImageView.swift in Sources */,
				EB04AE9B29D32CAC00F9E669 /* Supeasy_blackboardApp.swift in Sources */,
				EB04AEAE29D5622D00F9E669 /* TapeImage.swift in Sources */,
			);
			runOnlyForDeploymentPostprocessing = 0;
		};
/* End PBXSourcesBuildPhase section */

/* Begin XCBuildConfiguration section */
		EB04AEA329D32CAD00F9E669 /* Debug */ = {
			isa = XCBuildConfiguration;
			buildSettings = {
				ALWAYS_SEARCH_USER_PATHS = NO;
				CLANG_ANALYZER_NONNULL = YES;
				CLANG_ANALYZER_NUMBER_OBJECT_CONVERSION = YES_AGGRESSIVE;
				CLANG_CXX_LANGUAGE_STANDARD = "gnu++20";
				CLANG_ENABLE_MODULES = YES;
				CLANG_ENABLE_OBJC_ARC = YES;
				CLANG_ENABLE_OBJC_WEAK = YES;
				CLANG_WARN_BLOCK_CAPTURE_AUTORELEASING = YES;
				CLANG_WARN_BOOL_CONVERSION = YES;
				CLANG_WARN_COMMA = YES;
				CLANG_WARN_CONSTANT_CONVERSION = YES;
				CLANG_WARN_DEPRECATED_OBJC_IMPLEMENTATIONS = YES;
				CLANG_WARN_DIRECT_OBJC_ISA_USAGE = YES_ERROR;
				CLANG_WARN_DOCUMENTATION_COMMENTS = YES;
				CLANG_WARN_EMPTY_BODY = YES;
				CLANG_WARN_ENUM_CONVERSION = YES;
				CLANG_WARN_INFINITE_RECURSION = YES;
				CLANG_WARN_INT_CONVERSION = YES;
				CLANG_WARN_NON_LITERAL_NULL_CONVERSION = YES;
				CLANG_WARN_OBJC_IMPLICIT_RETAIN_SELF = YES;
				CLANG_WARN_OBJC_LITERAL_CONVERSION = YES;
				CLANG_WARN_OBJC_ROOT_CLASS = YES_ERROR;
				CLANG_WARN_QUOTED_INCLUDE_IN_FRAMEWORK_HEADER = YES;
				CLANG_WARN_RANGE_LOOP_ANALYSIS = YES;
				CLANG_WARN_STRICT_PROTOTYPES = YES;
				CLANG_WARN_SUSPICIOUS_MOVE = YES;
				CLANG_WARN_UNGUARDED_AVAILABILITY = YES_AGGRESSIVE;
				CLANG_WARN_UNREACHABLE_CODE = YES;
				CLANG_WARN__DUPLICATE_METHOD_MATCH = YES;
				COPY_PHASE_STRIP = NO;
				DEBUG_INFORMATION_FORMAT = dwarf;
				ENABLE_STRICT_OBJC_MSGSEND = YES;
				ENABLE_TESTABILITY = YES;
				GCC_C_LANGUAGE_STANDARD = gnu11;
				GCC_DYNAMIC_NO_PIC = NO;
				GCC_NO_COMMON_BLOCKS = YES;
				GCC_OPTIMIZATION_LEVEL = 0;
				GCC_PREPROCESSOR_DEFINITIONS = (
					"DEBUG=1",
					"$(inherited)",
				);
				GCC_WARN_64_TO_32_BIT_CONVERSION = YES;
				GCC_WARN_ABOUT_RETURN_TYPE = YES_ERROR;
				GCC_WARN_UNDECLARED_SELECTOR = YES;
				GCC_WARN_UNINITIALIZED_AUTOS = YES_AGGRESSIVE;
				GCC_WARN_UNUSED_FUNCTION = YES;
				GCC_WARN_UNUSED_VARIABLE = YES;
				IPHONEOS_DEPLOYMENT_TARGET = 16.2;
				MTL_ENABLE_DEBUG_INFO = INCLUDE_SOURCE;
				MTL_FAST_MATH = YES;
				ONLY_ACTIVE_ARCH = YES;
				SDKROOT = iphoneos;
				SWIFT_ACTIVE_COMPILATION_CONDITIONS = DEBUG;
				SWIFT_OPTIMIZATION_LEVEL = "-Onone";
			};
			name = Debug;
		};
		EB04AEA429D32CAD00F9E669 /* Release */ = {
			isa = XCBuildConfiguration;
			buildSettings = {
				ALWAYS_SEARCH_USER_PATHS = NO;
				CLANG_ANALYZER_NONNULL = YES;
				CLANG_ANALYZER_NUMBER_OBJECT_CONVERSION = YES_AGGRESSIVE;
				CLANG_CXX_LANGUAGE_STANDARD = "gnu++20";
				CLANG_ENABLE_MODULES = YES;
				CLANG_ENABLE_OBJC_ARC = YES;
				CLANG_ENABLE_OBJC_WEAK = YES;
				CLANG_WARN_BLOCK_CAPTURE_AUTORELEASING = YES;
				CLANG_WARN_BOOL_CONVERSION = YES;
				CLANG_WARN_COMMA = YES;
				CLANG_WARN_CONSTANT_CONVERSION = YES;
				CLANG_WARN_DEPRECATED_OBJC_IMPLEMENTATIONS = YES;
				CLANG_WARN_DIRECT_OBJC_ISA_USAGE = YES_ERROR;
				CLANG_WARN_DOCUMENTATION_COMMENTS = YES;
				CLANG_WARN_EMPTY_BODY = YES;
				CLANG_WARN_ENUM_CONVERSION = YES;
				CLANG_WARN_INFINITE_RECURSION = YES;
				CLANG_WARN_INT_CONVERSION = YES;
				CLANG_WARN_NON_LITERAL_NULL_CONVERSION = YES;
				CLANG_WARN_OBJC_IMPLICIT_RETAIN_SELF = YES;
				CLANG_WARN_OBJC_LITERAL_CONVERSION = YES;
				CLANG_WARN_OBJC_ROOT_CLASS = YES_ERROR;
				CLANG_WARN_QUOTED_INCLUDE_IN_FRAMEWORK_HEADER = YES;
				CLANG_WARN_RANGE_LOOP_ANALYSIS = YES;
				CLANG_WARN_STRICT_PROTOTYPES = YES;
				CLANG_WARN_SUSPICIOUS_MOVE = YES;
				CLANG_WARN_UNGUARDED_AVAILABILITY = YES_AGGRESSIVE;
				CLANG_WARN_UNREACHABLE_CODE = YES;
				CLANG_WARN__DUPLICATE_METHOD_MATCH = YES;
				COPY_PHASE_STRIP = NO;
				DEBUG_INFORMATION_FORMAT = "dwarf-with-dsym";
				ENABLE_NS_ASSERTIONS = NO;
				ENABLE_STRICT_OBJC_MSGSEND = YES;
				GCC_C_LANGUAGE_STANDARD = gnu11;
				GCC_NO_COMMON_BLOCKS = YES;
				GCC_WARN_64_TO_32_BIT_CONVERSION = YES;
				GCC_WARN_ABOUT_RETURN_TYPE = YES_ERROR;
				GCC_WARN_UNDECLARED_SELECTOR = YES;
				GCC_WARN_UNINITIALIZED_AUTOS = YES_AGGRESSIVE;
				GCC_WARN_UNUSED_FUNCTION = YES;
				GCC_WARN_UNUSED_VARIABLE = YES;
				IPHONEOS_DEPLOYMENT_TARGET = 16.2;
				MTL_ENABLE_DEBUG_INFO = NO;
				MTL_FAST_MATH = YES;
				SDKROOT = iphoneos;
				SWIFT_COMPILATION_MODE = wholemodule;
				SWIFT_OPTIMIZATION_LEVEL = "-O";
				VALIDATE_PRODUCT = YES;
			};
			name = Release;
		};
		EB04AEA629D32CAD00F9E669 /* Debug */ = {
			isa = XCBuildConfiguration;
			buildSettings = {
				ASSETCATALOG_COMPILER_APPICON_NAME = AppIcon;
				ASSETCATALOG_COMPILER_GLOBAL_ACCENT_COLOR_NAME = AccentColor;
				CODE_SIGN_STYLE = Automatic;
				CURRENT_PROJECT_VERSION = 1;
				DEVELOPMENT_ASSET_PATHS = "\"Supeasy_blackboard/Preview Content\"";
				ENABLE_PREVIEWS = YES;
				GENERATE_INFOPLIST_FILE = YES;
				INFOPLIST_KEY_UIApplicationSceneManifest_Generation = YES;
				INFOPLIST_KEY_UIApplicationSupportsIndirectInputEvents = YES;
				INFOPLIST_KEY_UILaunchScreen_Generation = YES;
				INFOPLIST_KEY_UISupportedInterfaceOrientations_iPad = "UIInterfaceOrientationPortrait UIInterfaceOrientationPortraitUpsideDown UIInterfaceOrientationLandscapeLeft UIInterfaceOrientationLandscapeRight";
				INFOPLIST_KEY_UISupportedInterfaceOrientations_iPhone = "UIInterfaceOrientationPortrait UIInterfaceOrientationLandscapeLeft UIInterfaceOrientationLandscapeRight";
				LD_RUNPATH_SEARCH_PATHS = (
					"$(inherited)",
					"@executable_path/Frameworks",
				);
				MARKETING_VERSION = 1.0;
				PRODUCT_BUNDLE_IDENTIFIER = "com.jojo.Supeasy-blackboard";
				PRODUCT_NAME = "$(TARGET_NAME)";
				SWIFT_EMIT_LOC_STRINGS = YES;
				SWIFT_VERSION = 5.0;
				TARGETED_DEVICE_FAMILY = "1,2";
			};
			name = Debug;
		};
		EB04AEA729D32CAD00F9E669 /* Release */ = {
			isa = XCBuildConfiguration;
			buildSettings = {
				ASSETCATALOG_COMPILER_APPICON_NAME = AppIcon;
				ASSETCATALOG_COMPILER_GLOBAL_ACCENT_COLOR_NAME = AccentColor;
				CODE_SIGN_STYLE = Automatic;
				CURRENT_PROJECT_VERSION = 1;
				DEVELOPMENT_ASSET_PATHS = "\"Supeasy_blackboard/Preview Content\"";
				ENABLE_PREVIEWS = YES;
				GENERATE_INFOPLIST_FILE = YES;
				INFOPLIST_KEY_UIApplicationSceneManifest_Generation = YES;
				INFOPLIST_KEY_UIApplicationSupportsIndirectInputEvents = YES;
				INFOPLIST_KEY_UILaunchScreen_Generation = YES;
				INFOPLIST_KEY_UISupportedInterfaceOrientations_iPad = "UIInterfaceOrientationPortrait UIInterfaceOrientationPortraitUpsideDown UIInterfaceOrientationLandscapeLeft UIInterfaceOrientationLandscapeRight";
				INFOPLIST_KEY_UISupportedInterfaceOrientations_iPhone = "UIInterfaceOrientationPortrait UIInterfaceOrientationLandscapeLeft UIInterfaceOrientationLandscapeRight";
				LD_RUNPATH_SEARCH_PATHS = (
					"$(inherited)",
					"@executable_path/Frameworks",
				);
				MARKETING_VERSION = 1.0;
				PRODUCT_BUNDLE_IDENTIFIER = "com.jojo.Supeasy-blackboard";
				PRODUCT_NAME = "$(TARGET_NAME)";
				SWIFT_EMIT_LOC_STRINGS = YES;
				SWIFT_VERSION = 5.0;
				TARGETED_DEVICE_FAMILY = "1,2";
			};
			name = Release;
		};
/* End XCBuildConfiguration section */

/* Begin XCConfigurationList section */
		EB04AE9229D32CAC00F9E669 /* Build configuration list for PBXProject "Supeasy_blackboard" */ = {
			isa = XCConfigurationList;
			buildConfigurations = (
				EB04AEA329D32CAD00F9E669 /* Debug */,
				EB04AEA429D32CAD00F9E669 /* Release */,
			);
			defaultConfigurationIsVisible = 0;
			defaultConfigurationName = Release;
		};
		EB04AEA529D32CAD00F9E669 /* Build configuration list for PBXNativeTarget "Supeasy_blackboard" */ = {
			isa = XCConfigurationList;
			buildConfigurations = (
				EB04AEA629D32CAD00F9E669 /* Debug */,
				EB04AEA729D32CAD00F9E669 /* Release */,
			);
			defaultConfigurationIsVisible = 0;
			defaultConfigurationName = Release;
		};
/* End XCConfigurationList section */

/* Begin XCRemoteSwiftPackageReference section */
		EB04AEA829D560B700F9E669 /* XCRemoteSwiftPackageReference "SDWebImageSwiftUI" */ = {
			isa = XCRemoteSwiftPackageReference;
			repositoryURL = "https://github.com/SDWebImage/SDWebImageSwiftUI";
			requirement = {
				kind = upToNextMajorVersion;
				minimumVersion = 2.0.0;
			};
		};
/* End XCRemoteSwiftPackageReference section */

/* Begin XCSwiftPackageProductDependency section */
		EB04AEA929D560B700F9E669 /* SDWebImageSwiftUI */ = {
			isa = XCSwiftPackageProductDependency;
			package = EB04AEA829D560B700F9E669 /* XCRemoteSwiftPackageReference "SDWebImageSwiftUI" */;
			productName = SDWebImageSwiftUI;
		};
/* End XCSwiftPackageProductDependency section */
	};
	rootObject = EB04AE8F29D32CAC00F9E669 /* Project object */;
}
